
Microsoft Visual Studio Solution File, Format Version 12.00
# Visual Studio Version 16
VisualStudioVersion = 16.0.30621.155
MinimumVisualStudioVersion = 15.0.26124.0
Project("{9A19103F-16F7-4668-BE54-9A1E7A4F7556}") = "Application", "Application\Application.csproj", "{8290108D-A308-4017-A423-D62A3B3951EF}"
EndProject
Global
	GlobalSection(SolutionConfigurationPlatforms) = preSolution
		Debug|Any CPU = Debug|Any CPU
		Debug|x64 = Debug|x64
		Debug|x86 = Debug|x86
		Release|Any CPU = Release|Any CPU
		Release|x64 = Release|x64
		Release|x86 = Release|x86
	EndGlobalSection
	GlobalSection(ProjectConfigurationPlatforms) = postSolution
		{8290108D-A308-4017-A423-D62A3B3951EF}.Debug|Any CPU.ActiveCfg = Debug|Any CPU
		{8290108D-A308-4017-A423-D62A3B3951EF}.Debug|Any CPU.Build.0 = Debug|Any CPU
		{8290108D-A308-4017-A423-D62A3B3951EF}.Debug|x64.ActiveCfg = Debug|Any CPU
		{8290108D-A308-4017-A423-D62A3B3951EF}.Debug|x64.Build.0 = Debug|Any CPU
		{8290108D-A308-4017-A423-D62A3B3951EF}.Debug|x86.ActiveCfg = Debug|Any CPU
		{8290108D-A308-4017-A423-D62A3B3951EF}.Debug|x86.Build.0 = Debug|Any CPU
		{8290108D-A308-4017-A423-D62A3B3951EF}.Release|Any CPU.ActiveCfg = Release|Any CPU
		{8290108D-A308-4017-A423-D62A3B3951EF}.Release|Any CPU.Build.0 = Release|Any CPU
		{8290108D-A308-4017-A423-D62A3B3951EF}.Release|x64.ActiveCfg = Release|Any CPU
		{8290108D-A308-4017-A423-D62A3B3951EF}.Release|x64.Build.0 = Release|Any CPU
		{8290108D-A308-4017-A423-D62A3B3951EF}.Release|x86.ActiveCfg = Release|Any CPU
		{8290108D-A308-4017-A423-D62A3B3951EF}.Release|x86.Build.0 = Release|Any CPU
	EndGlobalSection
	GlobalSection(SolutionProperties) = preSolution
		HideSolutionNode = FALSE
	EndGlobalSection
	GlobalSection(ExtensibilityGlobals) = postSolution
		SolutionGuid = {7D26A49A-CBE9-457C-B494-4FD6AD6BE12E}
	EndGlobalSection
EndGlobal
